
Microsoft Visual Studio Solution File, Format Version 12.00
# Visual Studio Version 17
VisualStudioVersion = 17.8.34322.80
MinimumVisualStudioVersion = 10.0.40219.1
Project("{FAE04EC0-301F-11D3-BF4B-00C04F79EFBC}") = "Asencios14.Android", "Asencios14\Asencios14.Android\Asencios14.Android.csproj", "{5461EDE2-B044-4204-8AC7-707830C7AB0A}"
EndProject
Project("{FAE04EC0-301F-11D3-BF4B-00C04F79EFBC}") = "Asencios14.iOS", "Asencios14\Asencios14.iOS\Asencios14.iOS.csproj", "{A0965C6C-9F1E-4BB0-AC4E-C68D688D0A13}"
EndProject
Project("{FAE04EC0-301F-11D3-BF4B-00C04F79EFBC}") = "Asencios14", "Asencios14\Asencios14\Asencios14.csproj", "{2C6A453E-A8A4-409D-B38C-2D7FC650D9B8}"
EndProject
Global
	GlobalSection(SolutionConfigurationPlatforms) = preSolution
		Debug|Any CPU = Debug|Any CPU
		Debug|iPhone = Debug|iPhone
		Debug|iPhoneSimulator = Debug|iPhoneSimulator
		Release|Any CPU = Release|Any CPU
		Release|iPhone = Release|iPhone
		Release|iPhoneSimulator = Release|iPhoneSimulator
	EndGlobalSection
	GlobalSection(ProjectConfigurationPlatforms) = postSolution
		{5461EDE2-B044-4204-8AC7-707830C7AB0A}.Debug|Any CPU.ActiveCfg = Debug|Any CPU
		{5461EDE2-B044-4204-8AC7-707830C7AB0A}.Debug|Any CPU.Build.0 = Debug|Any CPU
		{5461EDE2-B044-4204-8AC7-707830C7AB0A}.Debug|Any CPU.Deploy.0 = Debug|Any CPU
		{5461EDE2-B044-4204-8AC7-707830C7AB0A}.Debug|iPhone.ActiveCfg = Debug|Any CPU
		{5461EDE2-B044-4204-8AC7-707830C7AB0A}.Debug|iPhone.Build.0 = Debug|Any CPU
		{5461EDE2-B044-4204-8AC7-707830C7AB0A}.Debug|iPhone.Deploy.0 = Debug|Any CPU
		{5461EDE2-B044-4204-8AC7-707830C7AB0A}.Debug|iPhoneSimulator.ActiveCfg = Debug|Any CPU
		{5461EDE2-B044-4204-8AC7-707830C7AB0A}.Debug|iPhoneSimulator.Build.0 = Debug|Any CPU
		{5461EDE2-B044-4204-8AC7-707830C7AB0A}.Debug|iPhoneSimulator.Deploy.0 = Debug|Any CPU
		{5461EDE2-B044-4204-8AC7-707830C7AB0A}.Release|Any CPU.ActiveCfg = Release|Any CPU
		{5461EDE2-B044-4204-8AC7-707830C7AB0A}.Release|Any CPU.Build.0 = Release|Any CPU
		{5461EDE2-B044-4204-8AC7-707830C7AB0A}.Release|Any CPU.Deploy.0 = Release|Any CPU
		{5461EDE2-B044-4204-8AC7-707830C7AB0A}.Release|iPhone.ActiveCfg = Release|Any CPU
		{5461EDE2-B044-4204-8AC7-707830C7AB0A}.Release|iPhone.Build.0 = Release|Any CPU
		{5461EDE2-B044-4204-8AC7-707830C7AB0A}.Release|iPhone.Deploy.0 = Release|Any CPU
		{5461EDE2-B044-4204-8AC7-707830C7AB0A}.Release|iPhoneSimulator.ActiveCfg = Release|Any CPU
		{5461EDE2-B044-4204-8AC7-707830C7AB0A}.Release|iPhoneSimulator.Build.0 = Release|Any CPU
		{5461EDE2-B044-4204-8AC7-707830C7AB0A}.Release|iPhoneSimulator.Deploy.0 = Release|Any CPU
		{A0965C6C-9F1E-4BB0-AC4E-C68D688D0A13}.Debug|Any CPU.ActiveCfg = Debug|iPhone
		{A0965C6C-9F1E-4BB0-AC4E-C68D688D0A13}.Debug|Any CPU.Build.0 = Debug|iPhone
		{A0965C6C-9F1E-4BB0-AC4E-C68D688D0A13}.Debug|Any CPU.Deploy.0 = Debug|iPhone
		{A0965C6C-9F1E-4BB0-AC4E-C68D688D0A13}.Debug|iPhone.ActiveCfg = Debug|iPhone
		{A0965C6C-9F1E-4BB0-AC4E-C68D688D0A13}.Debug|iPhone.Build.0 = Debug|iPhone
		{A0965C6C-9F1E-4BB0-AC4E-C68D688D0A13}.Debug|iPhone.Deploy.0 = Debug|iPhone
		{A0965C6C-9F1E-4BB0-AC4E-C68D688D0A13}.Debug|iPhoneSimulator.ActiveCfg = Debug|iPhoneSimulator
		{A0965C6C-9F1E-4BB0-AC4E-C68D688D0A13}.Debug|iPhoneSimulator.Build.0 = Debug|iPhoneSimulator
		{A0965C6C-9F1E-4BB0-AC4E-C68D688D0A13}.Debug|iPhoneSimulator.Deploy.0 = Debug|iPhoneSimulator
		{A0965C6C-9F1E-4BB0-AC4E-C68D688D0A13}.Release|Any CPU.ActiveCfg = Release|iPhoneSimulator
		{A0965C6C-9F1E-4BB0-AC4E-C68D688D0A13}.Release|Any CPU.Build.0 = Release|iPhoneSimulator
		{A0965C6C-9F1E-4BB0-AC4E-C68D688D0A13}.Release|Any CPU.Deploy.0 = Release|iPhoneSimulator
		{A0965C6C-9F1E-4BB0-AC4E-C68D688D0A13}.Release|iPhone.ActiveCfg = Release|iPhone
		{A0965C6C-9F1E-4BB0-AC4E-C68D688D0A13}.Release|iPhone.Build.0 = Release|iPhone
		{A0965C6C-9F1E-4BB0-AC4E-C68D688D0A13}.Release|iPhone.Deploy.0 = Release|iPhone
		{A0965C6C-9F1E-4BB0-AC4E-C68D688D0A13}.Release|iPhoneSimulator.ActiveCfg = Release|iPhoneSimulator
		{A0965C6C-9F1E-4BB0-AC4E-C68D688D0A13}.Release|iPhoneSimulator.Build.0 = Release|iPhoneSimulator
		{A0965C6C-9F1E-4BB0-AC4E-C68D688D0A13}.Release|iPhoneSimulator.Deploy.0 = Release|iPhoneSimulator
		{2C6A453E-A8A4-409D-B38C-2D7FC650D9B8}.Debug|Any CPU.ActiveCfg = Debug|Any CPU
		{2C6A453E-A8A4-409D-B38C-2D7FC650D9B8}.Debug|Any CPU.Build.0 = Debug|Any CPU
		{2C6A453E-A8A4-409D-B38C-2D7FC650D9B8}.Debug|Any CPU.Deploy.0 = Debug|Any CPU
		{2C6A453E-A8A4-409D-B38C-2D7FC650D9B8}.Debug|iPhone.ActiveCfg = Debug|Any CPU
		{2C6A453E-A8A4-409D-B38C-2D7FC650D9B8}.Debug|iPhone.Build.0 = Debug|Any CPU
		{2C6A453E-A8A4-409D-B38C-2D7FC650D9B8}.Debug|iPhone.Deploy.0 = Debug|Any CPU
		{2C6A453E-A8A4-409D-B38C-2D7FC650D9B8}.Debug|iPhoneSimulator.ActiveCfg = Debug|Any CPU
		{2C6A453E-A8A4-409D-B38C-2D7FC650D9B8}.Debug|iPhoneSimulator.Build.0 = Debug|Any CPU
		{2C6A453E-A8A4-409D-B38C-2D7FC650D9B8}.Debug|iPhoneSimulator.Deploy.0 = Debug|Any CPU
		{2C6A453E-A8A4-409D-B38C-2D7FC650D9B8}.Release|Any CPU.ActiveCfg = Release|Any CPU
		{2C6A453E-A8A4-409D-B38C-2D7FC650D9B8}.Release|Any CPU.Build.0 = Release|Any CPU
		{2C6A453E-A8A4-409D-B38C-2D7FC650D9B8}.Release|Any CPU.Deploy.0 = Release|Any CPU
		{2C6A453E-A8A4-409D-B38C-2D7FC650D9B8}.Release|iPhone.ActiveCfg = Release|Any CPU
		{2C6A453E-A8A4-409D-B38C-2D7FC650D9B8}.Release|iPhone.Build.0 = Release|Any CPU
		{2C6A453E-A8A4-409D-B38C-2D7FC650D9B8}.Release|iPhone.Deploy.0 = Release|Any CPU
		{2C6A453E-A8A4-409D-B38C-2D7FC650D9B8}.Release|iPhoneSimulator.ActiveCfg = Release|Any CPU
		{2C6A453E-A8A4-409D-B38C-2D7FC650D9B8}.Release|iPhoneSimulator.Build.0 = Release|Any CPU
		{2C6A453E-A8A4-409D-B38C-2D7FC650D9B8}.Release|iPhoneSimulator.Deploy.0 = Release|Any CPU
	EndGlobalSection
	GlobalSection(SolutionProperties) = preSolution
		HideSolutionNode = FALSE
	EndGlobalSection
	GlobalSection(ExtensibilityGlobals) = postSolution
		SolutionGuid = {FF679C71-9AB8-4D5C-A081-96F746B864FD}
	EndGlobalSection
EndGlobal
